
Microsoft Visual Studio Solution File, Format Version 12.00
# Visual Studio Version 17
VisualStudioVersion = 17.9.34714.143
MinimumVisualStudioVersion = 10.0.40219.1
Project("{FAE04EC0-301F-11D3-BF4B-00C04F79EFBC}") = "LinkedListEstructuraDeDatos", "LinkedListEstructuraDeDatos\LinkedListEstructuraDeDatos.csproj", "{3E62AB57-E1F8-406A-9988-41746DB5B82E}"
EndProject
Global
	GlobalSection(SolutionConfigurationPlatforms) = preSolution
		Debug|Any CPU = Debug|Any CPU
		Release|Any CPU = Release|Any CPU
	EndGlobalSection
	GlobalSection(ProjectConfigurationPlatforms) = postSolution
		{3E62AB57-E1F8-406A-9988-41746DB5B82E}.Debug|Any CPU.ActiveCfg = Debug|Any CPU
		{3E62AB57-E1F8-406A-9988-41746DB5B82E}.Debug|Any CPU.Build.0 = Debug|Any CPU
		{3E62AB57-E1F8-406A-9988-41746DB5B82E}.Release|Any CPU.ActiveCfg = Release|Any CPU
		{3E62AB57-E1F8-406A-9988-41746DB5B82E}.Release|Any CPU.Build.0 = Release|Any CPU
	EndGlobalSection
	GlobalSection(SolutionProperties) = preSolution
		HideSolutionNode = FALSE
	EndGlobalSection
	GlobalSection(ExtensibilityGlobals) = postSolution
		SolutionGuid = {994E667F-DF83-43E8-96BD-200BA26EE9F6}
	EndGlobalSection
EndGlobal
